
Microsoft Visual Studio Solution File, Format Version 12.00
# Visual Studio Version 17
VisualStudioVersion = 17.14.37216.2
MinimumVisualStudioVersion = 10.0.40219.1
Project("{FAE04EC0-301F-11D3-BF4B-00C04F79EFBC}") = "TechnologistModule", "TechnologistModule.csproj", "{B90EAF09-CCFB-4EC4-81ED-ECF35093EC89}"
EndProject
Project("{FAE04EC0-301F-11D3-BF4B-00C04F79EFBC}") = "TechnologistModule.Tests", "..\TechnologistModule.Tests\TechnologistModule.Tests.csproj", "{EB069AB7-9030-4162-8D68-7717F0268924}"
EndProject
Global
	GlobalSection(SolutionConfigurationPlatforms) = preSolution
		Debug|Any CPU = Debug|Any CPU
		Release|Any CPU = Release|Any CPU
	EndGlobalSection
	GlobalSection(ProjectConfigurationPlatforms) = postSolution
		{B90EAF09-CCFB-4EC4-81ED-ECF35093EC89}.Debug|Any CPU.ActiveCfg = Debug|Any CPU
		{B90EAF09-CCFB-4EC4-81ED-ECF35093EC89}.Debug|Any CPU.Build.0 = Debug|Any CPU
		{B90EAF09-CCFB-4EC4-81ED-ECF35093EC89}.Release|Any CPU.ActiveCfg = Release|Any CPU
		{B90EAF09-CCFB-4EC4-81ED-ECF35093EC89}.Release|Any CPU.Build.0 = Release|Any CPU
		{EB069AB7-9030-4162-8D68-7717F0268924}.Debug|Any CPU.ActiveCfg = Debug|Any CPU
		{EB069AB7-9030-4162-8D68-7717F0268924}.Debug|Any CPU.Build.0 = Debug|Any CPU
		{EB069AB7-9030-4162-8D68-7717F0268924}.Release|Any CPU.ActiveCfg = Release|Any CPU
		{EB069AB7-9030-4162-8D68-7717F0268924}.Release|Any CPU.Build.0 = Release|Any CPU
	EndGlobalSection
	GlobalSection(SolutionProperties) = preSolution
		HideSolutionNode = FALSE
	EndGlobalSection
	GlobalSection(ExtensibilityGlobals) = postSolution
		SolutionGuid = {ECE5AF1C-87E8-4CB5-96CF-39403D864A33}
	EndGlobalSection
EndGlobal
